
Microsoft Visual Studio Solution File, Format Version 12.00
# Visual Studio Version 16
VisualStudioVersion = 16.0.33214.272
MinimumVisualStudioVersion = 10.0.40219.1
Project("{FAE04EC0-301F-11D3-BF4B-00C04F79EFBC}") = "Pharmacy Management System", "Pharmacy Management System\Pharmacy Management System.csproj", "{9D3E36A1-8D84-44AF-8812-4687417482C8}"
EndProject
Global
	GlobalSection(SolutionConfigurationPlatforms) = preSolution
		Debug|Any CPU = Debug|Any CPU
		Release|Any CPU = Release|Any CPU
	EndGlobalSection
	GlobalSection(ProjectConfigurationPlatforms) = postSolution
		{9D3E36A1-8D84-44AF-8812-4687417482C8}.Debug|Any CPU.ActiveCfg = Debug|Any CPU
		{9D3E36A1-8D84-44AF-8812-4687417482C8}.Debug|Any CPU.Build.0 = Debug|Any CPU
		{9D3E36A1-8D84-44AF-8812-4687417482C8}.Release|Any CPU.ActiveCfg = Release|Any CPU
		{9D3E36A1-8D84-44AF-8812-4687417482C8}.Release|Any CPU.Build.0 = Release|Any CPU
	EndGlobalSection
	GlobalSection(SolutionProperties) = preSolution
		HideSolutionNode = FALSE
	EndGlobalSection
	GlobalSection(ExtensibilityGlobals) = postSolution
		SolutionGuid = {909C3222-D049-4082-B4E6-B0B38AFD5330}
	EndGlobalSection
EndGlobal
